
Microsoft Visual Studio Solution File, Format Version 12.00
# Visual Studio Version 17
VisualStudioVersion = 17.0.32112.339
MinimumVisualStudioVersion = 10.0.40219.1
Project("{2150E333-8FDC-42A3-9474-1A3956D46DE8}") = "src", "src", "{AD4D9CED-C079-49B0-9B6B-31E1975940D8}"
EndProject
Project("{2150E333-8FDC-42A3-9474-1A3956D46DE8}") = "tests", "tests", "{39D4A37C-C33D-4928-82CA-50A9C7FA82BA}"
EndProject
Project("{2150E333-8FDC-42A3-9474-1A3956D46DE8}") = "API", "API", "{A0A7F3C3-CB1F-4CD9-B4F4-7A7C4C67E9A5}"
EndProject
Project("{2150E333-8FDC-42A3-9474-1A3956D46DE8}") = "Core", "Core", "{20D79D9C-570D-46B9-B93B-16DC48EB843B}"
EndProject
Project("{2150E333-8FDC-42A3-9474-1A3956D46DE8}") = "Infrastructure", "Infrastructure", "{14FC9E30-F132-4A3E-8A7F-77D4379CEE86}"
EndProject
Project("{2150E333-8FDC-42A3-9474-1A3956D46DE8}") = "UI", "UI", "{A2691274-1802-4EB5-B399-351283201CA3}"
EndProject
Project("{9A19103F-16F7-4668-BE54-9A1E7A4F7556}") = "HR.LeaveManagemenet.Domain", "HR.LeaveManagemenet.Domain\HR.LeaveManagemenet.Domain.csproj", "{52D6421C-3E7F-4767-AD80-A249D2B34945}"
EndProject
Project("{FAE04EC0-301F-11D3-BF4B-00C04F79EFBC}") = "HR.LeaveManagement.Application", "HR.LeaveManagement.Application\HR.LeaveManagement.Application.csproj", "{631CB649-9BCC-44F8-9A1B-E4A7A6A46476}"
EndProject
Global
	GlobalSection(SolutionConfigurationPlatforms) = preSolution
		Debug|Any CPU = Debug|Any CPU
		Release|Any CPU = Release|Any CPU
	EndGlobalSection
	GlobalSection(ProjectConfigurationPlatforms) = postSolution
		{52D6421C-3E7F-4767-AD80-A249D2B34945}.Debug|Any CPU.ActiveCfg = Debug|Any CPU
		{52D6421C-3E7F-4767-AD80-A249D2B34945}.Debug|Any CPU.Build.0 = Debug|Any CPU
		{52D6421C-3E7F-4767-AD80-A249D2B34945}.Release|Any CPU.ActiveCfg = Release|Any CPU
		{52D6421C-3E7F-4767-AD80-A249D2B34945}.Release|Any CPU.Build.0 = Release|Any CPU
		{631CB649-9BCC-44F8-9A1B-E4A7A6A46476}.Debug|Any CPU.ActiveCfg = Debug|Any CPU
		{631CB649-9BCC-44F8-9A1B-E4A7A6A46476}.Debug|Any CPU.Build.0 = Debug|Any CPU
		{631CB649-9BCC-44F8-9A1B-E4A7A6A46476}.Release|Any CPU.ActiveCfg = Release|Any CPU
		{631CB649-9BCC-44F8-9A1B-E4A7A6A46476}.Release|Any CPU.Build.0 = Release|Any CPU
	EndGlobalSection
	GlobalSection(SolutionProperties) = preSolution
		HideSolutionNode = FALSE
	EndGlobalSection
	GlobalSection(NestedProjects) = preSolution
		{A0A7F3C3-CB1F-4CD9-B4F4-7A7C4C67E9A5} = {AD4D9CED-C079-49B0-9B6B-31E1975940D8}
		{20D79D9C-570D-46B9-B93B-16DC48EB843B} = {AD4D9CED-C079-49B0-9B6B-31E1975940D8}
		{14FC9E30-F132-4A3E-8A7F-77D4379CEE86} = {AD4D9CED-C079-49B0-9B6B-31E1975940D8}
		{A2691274-1802-4EB5-B399-351283201CA3} = {AD4D9CED-C079-49B0-9B6B-31E1975940D8}
		{52D6421C-3E7F-4767-AD80-A249D2B34945} = {20D79D9C-570D-46B9-B93B-16DC48EB843B}
		{631CB649-9BCC-44F8-9A1B-E4A7A6A46476} = {20D79D9C-570D-46B9-B93B-16DC48EB843B}
	EndGlobalSection
	GlobalSection(ExtensibilityGlobals) = postSolution
		SolutionGuid = {6642D05B-C24A-4F13-8D01-F92E69323426}
	EndGlobalSection
EndGlobal
